SITE
  remote: http://community.opscode.com/api/v1
  specs:
    7-zip (1.0.2)
      windows (>= 1.2.2)
    apt (2.4.0)
    ark (0.9.0)
      7-zip (>= 0.0.0)
      windows (>= 0.0.0)
    build-essential (2.0.4)
    chef-sugar (2.0.0)
    chef_handler (1.1.6)
    cpan (0.0.32)
    iptables (0.13.2)
    java (1.22.0)
    logrotate (1.6.0)
    nodejs (1.3.0)
      apt (>= 0.0.0)
      build-essential (>= 0.0.0)
      yum (>= 0.0.0)
    openssl (2.0.0)
      chef-sugar (>= 0.0.0)
    pacman (1.1.1)
    python (1.4.6)
      build-essential (>= 0.0.0)
      yum-epel (>= 0.0.0)
    runit (1.5.10)
      build-essential (>= 0.0.0)
      yum (~> 3.0)
      yum-epel (>= 0.0.0)
    windows (1.32.0)
      chef_handler (>= 0.0.0)
    yum (3.2.2)
    yum-epel (0.3.6)
      yum (~> 3.0)

GIT
  remote: git@github.com:edelight/chef-mongodb.git
  ref: 0.16.1
  sha: 0eb955c50a172958b6719dc3fedfcd65897a19e7
  specs:
    mongodb (0.16.1)
      apt (>= 1.8.2)
      python (>= 0.0.0)
      runit (>= 1.5.0)
      yum (>= 3.0)

GIT
  remote: git@github.com:intere/tomcat.git
  ref: v0.15.12
  sha: 6d63b50b679dcaf8bcf7f42f1ca2d28f22b24bd6
  specs:
    tomcat (0.15.12)
      java (>= 0.0.0)
      openssl (>= 0.0.0)

GIT
  remote: git@github.com:onehealth-cookbooks/apache2.git
  ref: v1.10.2
  sha: 452dda5b2e7578e2286dff188bbb3d0b6b22b026
  specs:
    apache2 (1.10.2)
      iptables (>= 0.0.0)
      logrotate (>= 0.0.0)
      pacman (>= 0.0.0)

GIT
  remote: git@github.com:opscode-cookbooks/jenkins.git
  ref: v2.1.2
  sha: 74dc242b2b3bfa0d8da9a9adc78d48c46c046b49
  specs:
    jenkins (2.1.2)
      apt (~> 2.0)
      runit (~> 1.5)
      yum (~> 3.0)

GIT
  remote: https://github.com/balbeko/chef-npm.git
  ref: master
  sha: 83d8f655b41e6d646dc3ca8a81355e96a36cde69
  specs:
    npm (0.1.5)
      nodejs (>= 0.0.0)

GIT
  remote: https://github.com/intere/appserver.git
  ref: master
  sha: 05782c5ba331a106ccf446888e2060129779425e
  specs:
    appserver (0.1.0)
      apache2 (>= 0.0.0)
      java (>= 0.0.0)
      jenkins (>= 0.0.0)
      maven (>= 0.0.0)
      mongodb (>= 0.0.0)
      tomcat (>= 0.0.0)

GIT
  remote: https://github.com/opscode-cookbooks/maven.git
  ref: v1.1.0
  sha: 929f70180243e2179260cf6a73e02842ef5df34c
  specs:
    maven (1.1.0)
      ark (~> 0.4)
      java (~> 1.13)

DEPENDENCIES
  apache2 (>= 0)
  appserver (>= 0)
  cpan (~> 0.0.32)
  jenkins (>= 0)
  maven (>= 0)
  mongodb (>= 0)
  npm (>= 0)
  tomcat (>= 0)

